schema: '2.0'
stages:
  preprocess_data:
    cmd: mkdir -p ./data/preprocessed && uv run python -m 
      src.preprocessing.scripts.preprocess_data
    deps:
    - path: data/raw/IMDB Dataset/
      hash: md5
      md5: 186740f5cbef806685fcd27585e6f852.dir
      size: 66212309
      nfiles: 1
    - path: src/preprocessing/clean.py
      hash: md5
      md5: f27f7f4a53d4b4b80ff5d12d6533d56e
      size: 260
    - path: src/preprocessing/scripts/preprocess_data.py
      hash: md5
      md5: 606e63a21d9a07ee672d23a1d823466d
      size: 1607
    - path: src/preprocessing/tokenize.py
      hash: md5
      md5: d9a63239e05b796a44f475b82a5cdcbb
      size: 194
    params:
      params.yaml:
        preprocessing.data_splits:
        - 0.8
        - 0.1
        - 0.1
    outs:
    - path: data/preprocessed/imdb_dataset/
      hash: md5
      md5: 12ed721eab42e5783b722ab5ee851625.dir
      size: 62802080
      nfiles: 3
  vectorize_data:
    cmd: mkdir -p ./data/vectorized && uv run python -m 
      src.preprocessing.scripts.vectorize_data
    deps:
    - path: data/preprocessed/
      hash: md5
      md5: 7ee0446e9995ee4c142254476d4447e2.dir
      size: 62802080
      nfiles: 3
    - path: src/preprocessing/scripts/vectorize_data.py
      hash: md5
      md5: b8cf82527645c94fd6867d03a896fe44
      size: 1910
    - path: src/preprocessing/vectorize.py
      hash: md5
      md5: 8a6c055b4e8b916d8a0fdd9e90f20f57
      size: 874
    outs:
    - path: data/vectorized/
      hash: md5
      md5: 3361b68dec216f89abf694e3835374f1.dir
      size: 82048196
      nfiles: 6
  run_baselines:
    cmd: uv run python -m src.training.baselines
    deps:
    - path: data/preprocessed/
      hash: md5
      md5: 7ee0446e9995ee4c142254476d4447e2.dir
      size: 62802080
      nfiles: 3
    - path: src/training/baselines.py
      hash: md5
      md5: e6d6fa1c28afa4786b0bfe950b3cd945
      size: 2663
  train_sklearn:
    cmd: uv run python -m src.training.train_sklearn
    deps:
    - path: data/vectorized/
      hash: md5
      md5: 3361b68dec216f89abf694e3835374f1.dir
      size: 82048196
      nfiles: 6
    - path: src/training/train_sklearn.py
      hash: md5
      md5: bc8401782a2baaec835fa2cb0e8f8ba2
      size: 854
  tune_sklearn:
    cmd: uv run python -m src.training.tune_sklearn
    deps:
    - path: data/vectorized/
      hash: md5
      md5: 3361b68dec216f89abf694e3835374f1.dir
      size: 82048196
      nfiles: 6
    - path: src/training/sklearn_models.py
      hash: md5
      md5: ec14ff14dc8990b6843bab6d6a2aaef8
      size: 1142
    - path: src/training/tune_sklearn.py
      hash: md5
      md5: 038820b0c69000cb096b27d12c6e9f7d
      size: 2150
    params:
      params.yaml:
        training.n_trials: 50
